
Microsoft Visual Studio Solution File, Format Version 12.00
# Visual Studio Version 16
VisualStudioVersion = 16.0.34902.97
MinimumVisualStudioVersion = 10.0.40219.1
Project("{8BC9CEB8-8B4A-11D0-8D11-00A0C91BC942}") = "amc10453_hw2_q2", "amc10453_hw2_q2.vcxproj", "{87EEAAD0-954A-4212-8F0D-81BC853E3D81}"
EndProject
Global
	GlobalSection(SolutionConfigurationPlatforms) = preSolution
		Debug|x64 = Debug|x64
		Debug|x86 = Debug|x86
		Release|x64 = Release|x64
		Release|x86 = Release|x86
	EndGlobalSection
	GlobalSection(ProjectConfigurationPlatforms) = postSolution
		{87EEAAD0-954A-4212-8F0D-81BC853E3D81}.Debug|x64.ActiveCfg = Debug|x64
		{87EEAAD0-954A-4212-8F0D-81BC853E3D81}.Debug|x64.Build.0 = Debug|x64
		{87EEAAD0-954A-4212-8F0D-81BC853E3D81}.Debug|x86.ActiveCfg = Debug|Win32
		{87EEAAD0-954A-4212-8F0D-81BC853E3D81}.Debug|x86.Build.0 = Debug|Win32
		{87EEAAD0-954A-4212-8F0D-81BC853E3D81}.Release|x64.ActiveCfg = Release|x64
		{87EEAAD0-954A-4212-8F0D-81BC853E3D81}.Release|x64.Build.0 = Release|x64
		{87EEAAD0-954A-4212-8F0D-81BC853E3D81}.Release|x86.ActiveCfg = Release|Win32
		{87EEAAD0-954A-4212-8F0D-81BC853E3D81}.Release|x86.Build.0 = Release|Win32
	EndGlobalSection
	GlobalSection(SolutionProperties) = preSolution
		HideSolutionNode = FALSE
	EndGlobalSection
	GlobalSection(ExtensibilityGlobals) = postSolution
		SolutionGuid = {9C264E8A-0B04-469D-959A-07C2D2F4C413}
	EndGlobalSection
EndGlobal
